{
  "requires": true,
  "lockfileVersion": 1,
  "dependencies": {
    "@vue/composition-api": {
      "version": "1.6.1",
      "resolved": "https://registry.npmmirror.com/@vue/composition-api/-/composition-api-1.6.1.tgz",
      "integrity": "sha512-QNeduwRllSRzo9ZOzZjtzCeGUx0sEfrEDHmQlf+goLw4calBPBbpYWf8ueh6VSBrWJGQRJPsRPmTVEeTKRKBMg=="
    }
  }
}
